
Microsoft Visual Studio Solution File, Format Version 12.00
# Visual Studio Version 16
VisualStudioVersion = 16.0.30320.27
MinimumVisualStudioVersion = 10.0.40219.1
Project("{FAE04EC0-301F-11D3-BF4B-00C04F79EFBC}") = "Prueba", "Prueba\Prueba.csproj", "{4D77CBDC-18ED-4A86-AB5C-2FAC8028D989}"
EndProject
Project("{FAE04EC0-301F-11D3-BF4B-00C04F79EFBC}") = "Data", "Data\Data.csproj", "{FB94A1D0-DD3D-4FAD-84E5-7ED6172AE1CE}"
EndProject
Project("{FAE04EC0-301F-11D3-BF4B-00C04F79EFBC}") = "Logica", "Logica\Logica.csproj", "{C7322EA1-BFB2-4CBF-BA51-08357EE795B3}"
EndProject
Project("{FAE04EC0-301F-11D3-BF4B-00C04F79EFBC}") = "Entidades", "Entidades\Entidades.csproj", "{D17E9082-0E11-430E-86C6-875472B1ED3F}"
EndProject
Global
	GlobalSection(SolutionConfigurationPlatforms) = preSolution
		Debug|Any CPU = Debug|Any CPU
		Release|Any CPU = Release|Any CPU
	EndGlobalSection
	GlobalSection(ProjectConfigurationPlatforms) = postSolution
		{4D77CBDC-18ED-4A86-AB5C-2FAC8028D989}.Debug|Any CPU.ActiveCfg = Debug|Any CPU
		{4D77CBDC-18ED-4A86-AB5C-2FAC8028D989}.Debug|Any CPU.Build.0 = Debug|Any CPU
		{4D77CBDC-18ED-4A86-AB5C-2FAC8028D989}.Release|Any CPU.ActiveCfg = Release|Any CPU
		{4D77CBDC-18ED-4A86-AB5C-2FAC8028D989}.Release|Any CPU.Build.0 = Release|Any CPU
		{FB94A1D0-DD3D-4FAD-84E5-7ED6172AE1CE}.Debug|Any CPU.ActiveCfg = Debug|Any CPU
		{FB94A1D0-DD3D-4FAD-84E5-7ED6172AE1CE}.Debug|Any CPU.Build.0 = Debug|Any CPU
		{FB94A1D0-DD3D-4FAD-84E5-7ED6172AE1CE}.Release|Any CPU.ActiveCfg = Release|Any CPU
		{FB94A1D0-DD3D-4FAD-84E5-7ED6172AE1CE}.Release|Any CPU.Build.0 = Release|Any CPU
		{C7322EA1-BFB2-4CBF-BA51-08357EE795B3}.Debug|Any CPU.ActiveCfg = Debug|Any CPU
		{C7322EA1-BFB2-4CBF-BA51-08357EE795B3}.Debug|Any CPU.Build.0 = Debug|Any CPU
		{C7322EA1-BFB2-4CBF-BA51-08357EE795B3}.Release|Any CPU.ActiveCfg = Release|Any CPU
		{C7322EA1-BFB2-4CBF-BA51-08357EE795B3}.Release|Any CPU.Build.0 = Release|Any CPU
		{D17E9082-0E11-430E-86C6-875472B1ED3F}.Debug|Any CPU.ActiveCfg = Debug|Any CPU
		{D17E9082-0E11-430E-86C6-875472B1ED3F}.Debug|Any CPU.Build.0 = Debug|Any CPU
		{D17E9082-0E11-430E-86C6-875472B1ED3F}.Release|Any CPU.ActiveCfg = Release|Any CPU
		{D17E9082-0E11-430E-86C6-875472B1ED3F}.Release|Any CPU.Build.0 = Release|Any CPU
	EndGlobalSection
	GlobalSection(SolutionProperties) = preSolution
		HideSolutionNode = FALSE
	EndGlobalSection
	GlobalSection(ExtensibilityGlobals) = postSolution
		SolutionGuid = {95148DC0-CF9B-4BEB-B873-0E383D4D9619}
	EndGlobalSection
EndGlobal
